// !$*UTF8*$!
{
	archiveVersion = 1;
	classes = {
	};
	objectVersion = 46;
	objects = {

/* Begin PBXBuildFile section */
		DA3B677B1647152900523567 /* libasihttprequest.a in Frameworks */ = {isa = PBXBuildFile; fileRef = DA3B677A1647152900523567 /* libasihttprequest.a */; };
		DA6E1C7615B5B43400438B26 /* ios-add-pictures-tab.png in Resources */ = {isa = PBXBuildFile; fileRef = DA6E1C7315B5B43400438B26 /* ios-add-pictures-tab.png */; };
		DA6E1C7715B5B43400438B26 /* ios-current-order-tab.png in Resources */ = {isa = PBXBuildFile; fileRef = DA6E1C7415B5B43400438B26 /* ios-current-order-tab.png */; };
		DA6E1C7815B5B43400438B26 /* ios-old-orders-tab.png in Resources */ = {isa = PBXBuildFile; fileRef = DA6E1C7515B5B43400438B26 /* ios-old-orders-tab.png */; };
		DA78F18515C82022000BF03E /* NSString+CountString.m in Sources */ = {isa = PBXBuildFile; fileRef = DA78F18415C82022000BF03E /* NSString+CountString.m */; };
		DA78F18815C822DD000BF03E /* test-thumbnail.jpg in Resources */ = {isa = PBXBuildFile; fileRef = DA78F18715C822DD000BF03E /* test-thumbnail.jpg */; };
		DA78F18C15C83E20000BF03E /* printed.png in Resources */ = {isa = PBXBuildFile; fileRef = DA78F18915C83E20000BF03E /* printed.png */; };
		DA78F18D15C83E20000BF03E /* uploaded.png in Resources */ = {isa = PBXBuildFile; fileRef = DA78F18A15C83E20000BF03E /* uploaded.png */; };
		DA78F18E15C83E20000BF03E /* uploading.png in Resources */ = {isa = PBXBuildFile; fileRef = DA78F18B15C83E20000BF03E /* uploading.png */; };
		DA78F19115C848D9000BF03E /* ThumbnailDownloadHandler.m in Sources */ = {isa = PBXBuildFile; fileRef = DA78F19015C848D9000BF03E /* ThumbnailDownloadHandler.m */; };
		DA8A367415B59E3C003A719D /* UIKit.framework in Frameworks */ = {isa = PBXBuildFile; fileRef = DA8A367315B59E3C003A719D /* UIKit.framework */; };
		DA8A367615B59E3C003A719D /* Foundation.framework in Frameworks */ = {isa = PBXBuildFile; fileRef = DA8A367515B59E3C003A719D /* Foundation.framework */; };
		DA8A367815B59E3C003A719D /* CoreGraphics.framework in Frameworks */ = {isa = PBXBuildFile; fileRef = DA8A367715B59E3C003A719D /* CoreGraphics.framework */; };
		DA8A367A15B59E3C003A719D /* CoreData.framework in Frameworks */ = {isa = PBXBuildFile; fileRef = DA8A367915B59E3C003A719D /* CoreData.framework */; };
		DA8A368015B59E3C003A719D /* InfoPlist.strings in Resources */ = {isa = PBXBuildFile; fileRef = DA8A367E15B59E3C003A719D /* InfoPlist.strings */; };
		DA8A368215B59E3C003A719D /* main.m in Sources */ = {isa = PBXBuildFile; fileRef = DA8A368115B59E3C003A719D /* main.m */; };
		DA8A368615B59E3C003A719D /* AppDelegate.m in Sources */ = {isa = PBXBuildFile; fileRef = DA8A368515B59E3C003A719D /* AppDelegate.m */; };
		DA8A368915B59E3C003A719D /* MainStoryboard.storyboard in Resources */ = {isa = PBXBuildFile; fileRef = DA8A368715B59E3C003A719D /* MainStoryboard.storyboard */; };
		DA8A368F15B59E3D003A719D /* OldOrdersViewController.m in Sources */ = {isa = PBXBuildFile; fileRef = DA8A368E15B59E3D003A719D /* OldOrdersViewController.m */; };
		DA8A369915B59E8F003A719D /* icon-57x57.png in Resources */ = {isa = PBXBuildFile; fileRef = DA8A369815B59E8F003A719D /* icon-57x57.png */; };
		DA8A369B15B59EA3003A719D /* icon-114x114.png in Resources */ = {isa = PBXBuildFile; fileRef = DA8A369A15B59EA3003A719D /* icon-114x114.png */; };
		DA95B54F15D008FB0012B5D1 /* StoresDownloadHandler.m in Sources */ = {isa = PBXBuildFile; fileRef = DA95B54E15D008FB0012B5D1 /* StoresDownloadHandler.m */; };
		DA99288B15CE787700EEAC9B /* CurrentOrderDetailViewController.m in Sources */ = {isa = PBXBuildFile; fileRef = DA99288A15CE787700EEAC9B /* CurrentOrderDetailViewController.m */; };
		DA9A2DCE15CFD8C5005E723A /* CoreLocation.framework in Frameworks */ = {isa = PBXBuildFile; fileRef = DA9A2DCD15CFD8C5005E723A /* CoreLocation.framework */; };
		DA9C5C0315CEF154002BF8FC /* SubmitOrderViewController.m in Sources */ = {isa = PBXBuildFile; fileRef = DA9C5C0215CEF154002BF8FC /* SubmitOrderViewController.m */; };
		DA9F1CD115BD7A40003CA8AD /* Localizable.strings in Resources */ = {isa = PBXBuildFile; fileRef = DA9F1CD315BD7A40003CA8AD /* Localizable.strings */; };
		DAB07F1615C2E1A40036D837 /* MobiPrint.xcdatamodeld in Sources */ = {isa = PBXBuildFile; fileRef = DAB07F1415C2E1A40036D837 /* MobiPrint.xcdatamodeld */; };
		DACDE80A15C884550014056E /* PictureUploadHandler.m in Sources */ = {isa = PBXBuildFile; fileRef = DACDE80915C884550014056E /* PictureUploadHandler.m */; };
		DAD1B96B15D12F6200EA7855 /* OrderHelper.m in Sources */ = {isa = PBXBuildFile; fileRef = DAD1B96A15D12F6100EA7855 /* OrderHelper.m */; };
		DAD1D6DE15C990D400B683EC /* AddPicturesViewController.m in Sources */ = {isa = PBXBuildFile; fileRef = DAD1D6DD15C990D400B683EC /* AddPicturesViewController.m */; };
		DAD1D6FA15C9C6D400B683EC /* CFNetwork.framework in Frameworks */ = {isa = PBXBuildFile; fileRef = DAD1D6F915C9C6CF00B683EC /* CFNetwork.framework */; };
		DAD1D6FC15C9C6E000B683EC /* SystemConfiguration.framework in Frameworks */ = {isa = PBXBuildFile; fileRef = DAD1D6FB15C9C6E000B683EC /* SystemConfiguration.framework */; };
		DAD1D6FE15C9C6EA00B683EC /* MobileCoreServices.framework in Frameworks */ = {isa = PBXBuildFile; fileRef = DAD1D6FD15C9C6EA00B683EC /* MobileCoreServices.framework */; };
		DAD1D70015C9C6FF00B683EC /* libz.dylib in Frameworks */ = {isa = PBXBuildFile; fileRef = DAD1D6FF15C9C6FF00B683EC /* libz.dylib */; };
		DAD2138715BD68B200AEC2BF /* ISO8601DateFormatter.m in Sources */ = {isa = PBXBuildFile; fileRef = DAD2137F15BD68B200AEC2BF /* ISO8601DateFormatter.m */; };
		DAD279B915BDA21D00E31539 /* YAJLiOS.framework in Frameworks */ = {isa = PBXBuildFile; fileRef = DAD279B815BDA21D00E31539 /* YAJLiOS.framework */; };
		DAD55B7E15C6F4F300DDBE50 /* OrderDetailViewController.m in Sources */ = {isa = PBXBuildFile; fileRef = DAD55B7D15C6F4F300DDBE50 /* OrderDetailViewController.m */; };
/* End PBXBuildFile section */

/* Begin PBXFileReference section */
		DA24FB1115BD8A8200F6AAD2 /* settings.h */ = {isa = PBXFileReference; fileEncoding = 4; lastKnownFileType = sourcecode.c.h; path = settings.h; sourceTree = "<group>"; };
		DA3B677A1647152900523567 /* libasihttprequest.a */ = {isa = PBXFileReference; lastKnownFileType = archive.ar; path = libasihttprequest.a; sourceTree = "<group>"; };
		DA6E1C7315B5B43400438B26 /* ios-add-pictures-tab.png */ = {isa = PBXFileReference; lastKnownFileType = image.png; name = "ios-add-pictures-tab.png"; path = "Resources/ios-add-pictures-tab.png"; sourceTree = "<group>"; };
		DA6E1C7415B5B43400438B26 /* ios-current-order-tab.png */ = {isa = PBXFileReference; lastKnownFileType = image.png; name = "ios-current-order-tab.png"; path = "Resources/ios-current-order-tab.png"; sourceTree = "<group>"; };
		DA6E1C7515B5B43400438B26 /* ios-old-orders-tab.png */ = {isa = PBXFileReference; lastKnownFileType = image.png; name = "ios-old-orders-tab.png"; path = "Resources/ios-old-orders-tab.png"; sourceTree = "<group>"; };
		DA78F18315C82022000BF03E /* NSString+CountString.h */ = {isa = PBXFileReference; fileEncoding = 4; lastKnownFileType = sourcecode.c.h; path = "NSString+CountString.h"; sourceTree = "<group>"; };
		DA78F18415C82022000BF03E /* NSString+CountString.m */ = {isa = PBXFileReference; fileEncoding = 4; lastKnownFileType = sourcecode.c.objc; path = "NSString+CountString.m"; sourceTree = "<group>"; };
		DA78F18715C822DD000BF03E /* test-thumbnail.jpg */ = {isa = PBXFileReference; lastKnownFileType = image.jpeg; path = "test-thumbnail.jpg"; sourceTree = "<group>"; };
		DA78F18915C83E20000BF03E /* printed.png */ = {isa = PBXFileReference; lastKnownFileType = image.png; path = printed.png; sourceTree = "<group>"; };
		DA78F18A15C83E20000BF03E /* uploaded.png */ = {isa = PBXFileReference; lastKnownFileType = image.png; path = uploaded.png; sourceTree = "<group>"; };
		DA78F18B15C83E20000BF03E /* uploading.png */ = {isa = PBXFileReference; lastKnownFileType = image.png; path = uploading.png; sourceTree = "<group>"; };
		DA78F18F15C848D9000BF03E /* ThumbnailDownloadHandler.h */ = {isa = PBXFileReference; fileEncoding = 4; lastKnownFileType = sourcecode.c.h; path = ThumbnailDownloadHandler.h; sourceTree = "<group>"; };
		DA78F19015C848D9000BF03E /* ThumbnailDownloadHandler.m */ = {isa = PBXFileReference; fileEncoding = 4; lastKnownFileType = sourcecode.c.objc; path = ThumbnailDownloadHandler.m; sourceTree = "<group>"; };
		DA8A366F15B59E3C003A719D /* MobiPrint.app */ = {isa = PBXFileReference; explicitFileType = wrapper.application; includeInIndex = 0; path = MobiPrint.app; sourceTree = BUILT_PRODUCTS_DIR; };
		DA8A367315B59E3C003A719D /* UIKit.framework */ = {isa = PBXFileReference; lastKnownFileType = wrapper.framework; name = UIKit.framework; path = System/Library/Frameworks/UIKit.framework; sourceTree = SDKROOT; };
		DA8A367515B59E3C003A719D /* Foundation.framework */ = {isa = PBXFileReference; lastKnownFileType = wrapper.framework; name = Foundation.framework; path = System/Library/Frameworks/Foundation.framework; sourceTree = SDKROOT; };
		DA8A367715B59E3C003A719D /* CoreGraphics.framework */ = {isa = PBXFileReference; lastKnownFileType = wrapper.framework; name = CoreGraphics.framework; path = System/Library/Frameworks/CoreGraphics.framework; sourceTree = SDKROOT; };
		DA8A367915B59E3C003A719D /* CoreData.framework */ = {isa = PBXFileReference; lastKnownFileType = wrapper.framework; name = CoreData.framework; path = System/Library/Frameworks/CoreData.framework; sourceTree = SDKROOT; };
		DA8A367D15B59E3C003A719D /* MobiPrint-Info.plist */ = {isa = PBXFileReference; lastKnownFileType = text.plist.xml; path = "MobiPrint-Info.plist"; sourceTree = "<group>"; };
		DA8A367F15B59E3C003A719D /* en */ = {isa = PBXFileReference; lastKnownFileType = text.plist.strings; name = en; path = en.lproj/InfoPlist.strings; sourceTree = "<group>"; };
		DA8A368115B59E3C003A719D /* main.m */ = {isa = PBXFileReference; lastKnownFileType = sourcecode.c.objc; path = main.m; sourceTree = "<group>"; };
		DA8A368315B59E3C003A719D /* MobiPrint-Prefix.pch */ = {isa = PBXFileReference; lastKnownFileType = sourcecode.c.h; path = "MobiPrint-Prefix.pch"; sourceTree = "<group>"; };
		DA8A368415B59E3C003A719D /* AppDelegate.h */ = {isa = PBXFileReference; lastKnownFileType = sourcecode.c.h; path = AppDelegate.h; sourceTree = "<group>"; };
		DA8A368515B59E3C003A719D /* AppDelegate.m */ = {isa = PBXFileReference; lastKnownFileType = sourcecode.c.objc; path = AppDelegate.m; sourceTree = "<group>"; };
		DA8A368815B59E3C003A719D /* en */ = {isa = PBXFileReference; lastKnownFileType = file.storyboard; name = en; path = en.lproj/MainStoryboard.storyboard; sourceTree = "<group>"; };
		DA8A368D15B59E3D003A719D /* OldOrdersViewController.h */ = {isa = PBXFileReference; lastKnownFileType = sourcecode.c.h; path = OldOrdersViewController.h; sourceTree = "<group>"; };
		DA8A368E15B59E3D003A719D /* OldOrdersViewController.m */ = {isa = PBXFileReference; lastKnownFileType = sourcecode.c.objc; path = OldOrdersViewController.m; sourceTree = "<group>"; };
		DA8A369815B59E8F003A719D /* icon-57x57.png */ = {isa = PBXFileReference; lastKnownFileType = image.png; path = "icon-57x57.png"; sourceTree = "<group>"; };
		DA8A369A15B59EA3003A719D /* icon-114x114.png */ = {isa = PBXFileReference; lastKnownFileType = image.png; path = "icon-114x114.png"; sourceTree = "<group>"; };
		DA95B54D15D008FB0012B5D1 /* StoresDownloadHandler.h */ = {isa = PBXFileReference; fileEncoding = 4; lastKnownFileType = sourcecode.c.h; path = StoresDownloadHandler.h; sourceTree = "<group>"; };
		DA95B54E15D008FB0012B5D1 /* StoresDownloadHandler.m */ = {isa = PBXFileReference; fileEncoding = 4; lastKnownFileType = sourcecode.c.objc; path = StoresDownloadHandler.m; sourceTree = "<group>"; };
		DA99288915CE787700EEAC9B /* CurrentOrderDetailViewController.h */ = {isa = PBXFileReference; fileEncoding = 4; lastKnownFileType = sourcecode.c.h; path = CurrentOrderDetailViewController.h; sourceTree = "<group>"; };
		DA99288A15CE787700EEAC9B /* CurrentOrderDetailViewController.m */ = {isa = PBXFileReference; fileEncoding = 4; lastKnownFileType = sourcecode.c.objc; path = CurrentOrderDetailViewController.m; sourceTree = "<group>"; };
		DA9A2DCD15CFD8C5005E723A /* CoreLocation.framework */ = {isa = PBXFileReference; lastKnownFileType = wrapper.framework; name = CoreLocation.framework; path = System/Library/Frameworks/CoreLocation.framework; sourceTree = SDKROOT; };
		DA9C5C0115CEF154002BF8FC /* SubmitOrderViewController.h */ = {isa = PBXFileReference; fileEncoding = 4; lastKnownFileType = sourcecode.c.h; path = SubmitOrderViewController.h; sourceTree = "<group>"; };
		DA9C5C0215CEF154002BF8FC /* SubmitOrderViewController.m */ = {isa = PBXFileReference; fileEncoding = 4; lastKnownFileType = sourcecode.c.objc; path = SubmitOrderViewController.m; sourceTree = "<group>"; };
		DA9F1CD215BD7A40003CA8AD /* en */ = {isa = PBXFileReference; lastKnownFileType = text.plist.strings; name = en; path = en.lproj/Localizable.strings; sourceTree = "<group>"; };
		DAB07F1515C2E1A40036D837 /* MobiPrint.xcdatamodel */ = {isa = PBXFileReference; lastKnownFileType = wrapper.xcdatamodel; path = MobiPrint.xcdatamodel; sourceTree = "<group>"; };
		DACDE80815C884550014056E /* PictureUploadHandler.h */ = {isa = PBXFileReference; fileEncoding = 4; lastKnownFileType = sourcecode.c.h; path = PictureUploadHandler.h; sourceTree = "<group>"; };
		DACDE80915C884550014056E /* PictureUploadHandler.m */ = {isa = PBXFileReference; fileEncoding = 4; lastKnownFileType = sourcecode.c.objc; path = PictureUploadHandler.m; sourceTree = "<group>"; };
		DAD1B96915D12F6100EA7855 /* OrderHelper.h */ = {isa = PBXFileReference; fileEncoding = 4; lastKnownFileType = sourcecode.c.h; path = OrderHelper.h; sourceTree = "<group>"; };
		DAD1B96A15D12F6100EA7855 /* OrderHelper.m */ = {isa = PBXFileReference; fileEncoding = 4; lastKnownFileType = sourcecode.c.objc; path = OrderHelper.m; sourceTree = "<group>"; };
		DAD1D6DC15C990D400B683EC /* AddPicturesViewController.h */ = {isa = PBXFileReference; fileEncoding = 4; lastKnownFileType = sourcecode.c.h; path = AddPicturesViewController.h; sourceTree = "<group>"; };
		DAD1D6DD15C990D400B683EC /* AddPicturesViewController.m */ = {isa = PBXFileReference; fileEncoding = 4; lastKnownFileType = sourcecode.c.objc; path = AddPicturesViewController.m; sourceTree = "<group>"; };
		DAD1D6E015C9C67A00B683EC /* ASICacheDelegate.h */ = {isa = PBXFileReference; fileEncoding = 4; lastKnownFileType = sourcecode.c.h; path = ASICacheDelegate.h; sourceTree = "<group>"; };
		DAD1D6E115C9C67A00B683EC /* ASIDataCompressor.h */ = {isa = PBXFileReference; fileEncoding = 4; lastKnownFileType = sourcecode.c.h; path = ASIDataCompressor.h; sourceTree = "<group>"; };
		DAD1D6E315C9C67A00B683EC /* ASIDataDecompressor.h */ = {isa = PBXFileReference; fileEncoding = 4; lastKnownFileType = sourcecode.c.h; path = ASIDataDecompressor.h; sourceTree = "<group>"; };
		DAD1D6E515C9C67A00B683EC /* ASIDownloadCache.h */ = {isa = PBXFileReference; fileEncoding = 4; lastKnownFileType = sourcecode.c.h; path = ASIDownloadCache.h; sourceTree = "<group>"; };
		DAD1D6E715C9C67A00B683EC /* ASIFormDataRequest.h */ = {isa = PBXFileReference; fileEncoding = 4; lastKnownFileType = sourcecode.c.h; path = ASIFormDataRequest.h; sourceTree = "<group>"; };
		DAD1D6E915C9C67A00B683EC /* ASIHTTPRequest.h */ = {isa = PBXFileReference; fileEncoding = 4; lastKnownFileType = sourcecode.c.h; path = ASIHTTPRequest.h; sourceTree = "<group>"; };
		DAD1D6EB15C9C67A00B683EC /* ASIHTTPRequestConfig.h */ = {isa = PBXFileReference; fileEncoding = 4; lastKnownFileType = sourcecode.c.h; path = ASIHTTPRequestConfig.h; sourceTree = "<group>"; };
		DAD1D6EC15C9C67A00B683EC /* ASIHTTPRequestDelegate.h */ = {isa = PBXFileReference; fileEncoding = 4; lastKnownFileType = sourcecode.c.h; path = ASIHTTPRequestDelegate.h; sourceTree = "<group>"; };
		DAD1D6ED15C9C67A00B683EC /* ASIInputStream.h */ = {isa = PBXFileReference; fileEncoding = 4; lastKnownFileType = sourcecode.c.h; path = ASIInputStream.h; sourceTree = "<group>"; };
		DAD1D6EF15C9C67A00B683EC /* ASINetworkQueue.h */ = {isa = PBXFileReference; fileEncoding = 4; lastKnownFileType = sourcecode.c.h; path = ASINetworkQueue.h; sourceTree = "<group>"; };
		DAD1D6F115C9C67A00B683EC /* ASIProgressDelegate.h */ = {isa = PBXFileReference; fileEncoding = 4; lastKnownFileType = sourcecode.c.h; path = ASIProgressDelegate.h; sourceTree = "<group>"; };
		DAD1D6F915C9C6CF00B683EC /* CFNetwork.framework */ = {isa = PBXFileReference; lastKnownFileType = wrapper.framework; name = CFNetwork.framework; path = System/Library/Frameworks/CFNetwork.framework; sourceTree = SDKROOT; };
		DAD1D6FB15C9C6E000B683EC /* SystemConfiguration.framework */ = {isa = PBXFileReference; lastKnownFileType = wrapper.framework; name = SystemConfiguration.framework; path = System/Library/Frameworks/SystemConfiguration.framework; sourceTree = SDKROOT; };
		DAD1D6FD15C9C6EA00B683EC /* MobileCoreServices.framework */ = {isa = PBXFileReference; lastKnownFileType = wrapper.framework; name = MobileCoreServices.framework; path = System/Library/Frameworks/MobileCoreServices.framework; sourceTree = SDKROOT; };
		DAD1D6FF15C9C6FF00B683EC /* libz.dylib */ = {isa = PBXFileReference; lastKnownFileType = "compiled.mach-o.dylib"; name = libz.dylib; path = usr/lib/libz.dylib; sourceTree = SDKROOT; };
		DAD1D70115C9C9A100B683EC /* Reachability.h */ = {isa = PBXFileReference; fileEncoding = 4; lastKnownFileType = sourcecode.c.h; path = Reachability.h; sourceTree = "<group>"; };
		DAD1D70415C9C9DA00B683EC /* ASIAuthenticationDialog.h */ = {isa = PBXFileReference; fileEncoding = 4; lastKnownFileType = sourcecode.c.h; path = ASIAuthenticationDialog.h; sourceTree = "<group>"; };
		DAD2137E15BD68B200AEC2BF /* ISO8601DateFormatter.h */ = {isa = PBXFileReference; fileEncoding = 4; lastKnownFileType = sourcecode.c.h; path = ISO8601DateFormatter.h; sourceTree = "<group>"; };
		DAD2137F15BD68B200AEC2BF /* ISO8601DateFormatter.m */ = {isa = PBXFileReference; fileEncoding = 4; lastKnownFileType = sourcecode.c.objc; path = ISO8601DateFormatter.m; sourceTree = "<group>"; };
		DAD279B815BDA21D00E31539 /* YAJLiOS.framework */ = {isa = PBXFileReference; lastKnownFileType = wrapper.framework; path = YAJLiOS.framework; sourceTree = "<group>"; };
		DAD55B7C15C6F4F300DDBE50 /* OrderDetailViewController.h */ = {isa = PBXFileReference; fileEncoding = 4; lastKnownFileType = sourcecode.c.h; path = OrderDetailViewController.h; sourceTree = "<group>"; };
		DAD55B7D15C6F4F300DDBE50 /* OrderDetailViewController.m */ = {isa = PBXFileReference; fileEncoding = 4; lastKnownFileType = sourcecode.c.objc; path = OrderDetailViewController.m; sourceTree = "<group>"; };
/* End PBXFileReference section */

/* Begin PBXFrameworksBuildPhase section */
		DA8A366C15B59E3C003A719D /* Frameworks */ = {
			isa = PBXFrameworksBuildPhase;
			buildActionMask = 2147483647;
			files = (
				DA9A2DCE15CFD8C5005E723A /* CoreLocation.framework in Frameworks */,
				DAD1D70015C9C6FF00B683EC /* libz.dylib in Frameworks */,
				DA3B677B1647152900523567 /* libasihttprequest.a in Frameworks */,
				DAD1D6FE15C9C6EA00B683EC /* MobileCoreServices.framework in Frameworks */,
				DAD1D6FC15C9C6E000B683EC /* SystemConfiguration.framework in Frameworks */,
				DAD1D6FA15C9C6D400B683EC /* CFNetwork.framework in Frameworks */,
				DA8A367415B59E3C003A719D /* UIKit.framework in Frameworks */,
				DA8A367615B59E3C003A719D /* Foundation.framework in Frameworks */,
				DA8A367815B59E3C003A719D /* CoreGraphics.framework in Frameworks */,
				DA8A367A15B59E3C003A719D /* CoreData.framework in Frameworks */,
				DAD279B915BDA21D00E31539 /* YAJLiOS.framework in Frameworks */,
			);
			runOnlyForDeploymentPostprocessing = 0;
		};
/* End PBXFrameworksBuildPhase section */

/* Begin PBXGroup section */
		DA8A366415B59E3C003A719D = {
			isa = PBXGroup;
			children = (
				DA9F1CD315BD7A40003CA8AD /* Localizable.strings */,
				DA8A369A15B59EA3003A719D /* icon-114x114.png */,
				DA8A369815B59E8F003A719D /* icon-57x57.png */,
				DA8A367B15B59E3C003A719D /* MobiPrint */,
				DA8A367215B59E3C003A719D /* Frameworks */,
				DA8A367015B59E3C003A719D /* Products */,
			);
			sourceTree = "<group>";
		};
		DA8A367015B59E3C003A719D /* Products */ = {
			isa = PBXGroup;
			children = (
				DA8A366F15B59E3C003A719D /* MobiPrint.app */,
			);
			name = Products;
			sourceTree = "<group>";
		};
		DA8A367215B59E3C003A719D /* Frameworks */ = {
			isa = PBXGroup;
			children = (
				DA9A2DCD15CFD8C5005E723A /* CoreLocation.framework */,
				DAD1D6FD15C9C6EA00B683EC /* MobileCoreServices.framework */,
				DAD1D6FB15C9C6E000B683EC /* SystemConfiguration.framework */,
				DAD1D6F915C9C6CF00B683EC /* CFNetwork.framework */,
				DAD279B815BDA21D00E31539 /* YAJLiOS.framework */,
				DA8A367315B59E3C003A719D /* UIKit.framework */,
				DA8A367515B59E3C003A719D /* Foundation.framework */,
				DA8A367715B59E3C003A719D /* CoreGraphics.framework */,
				DA8A367915B59E3C003A719D /* CoreData.framework */,
			);
			name = Frameworks;
			sourceTree = "<group>";
		};
		DA8A367B15B59E3C003A719D /* MobiPrint */ = {
			isa = PBXGroup;
			children = (
				DAD2137B15BD688900AEC2BF /* Libraries */,
				DA8A369C15B5AFF2003A719D /* Resources */,
				DA8A368415B59E3C003A719D /* AppDelegate.h */,
				DA8A368515B59E3C003A719D /* AppDelegate.m */,
				DA8A368715B59E3C003A719D /* MainStoryboard.storyboard */,
				DA8A368D15B59E3D003A719D /* OldOrdersViewController.h */,
				DA8A368E15B59E3D003A719D /* OldOrdersViewController.m */,
				DA8A367C15B59E3C003A719D /* Supporting Files */,
				DA24FB1115BD8A8200F6AAD2 /* settings.h */,
				DAB07F1415C2E1A40036D837 /* MobiPrint.xcdatamodeld */,
				DAD55B7C15C6F4F300DDBE50 /* OrderDetailViewController.h */,
				DAD55B7D15C6F4F300DDBE50 /* OrderDetailViewController.m */,
				DA78F18315C82022000BF03E /* NSString+CountString.h */,
				DA78F18415C82022000BF03E /* NSString+CountString.m */,
				DA78F18F15C848D9000BF03E /* ThumbnailDownloadHandler.h */,
				DA78F19015C848D9000BF03E /* ThumbnailDownloadHandler.m */,
				DACDE80815C884550014056E /* PictureUploadHandler.h */,
				DACDE80915C884550014056E /* PictureUploadHandler.m */,
				DAD1D6DC15C990D400B683EC /* AddPicturesViewController.h */,
				DAD1D6DD15C990D400B683EC /* AddPicturesViewController.m */,
				DA99288915CE787700EEAC9B /* CurrentOrderDetailViewController.h */,
				DA99288A15CE787700EEAC9B /* CurrentOrderDetailViewController.m */,
				DA9C5C0115CEF154002BF8FC /* SubmitOrderViewController.h */,
				DA9C5C0215CEF154002BF8FC /* SubmitOrderViewController.m */,
				DA95B54D15D008FB0012B5D1 /* StoresDownloadHandler.h */,
				DA95B54E15D008FB0012B5D1 /* StoresDownloadHandler.m */,
				DAD1B96915D12F6100EA7855 /* OrderHelper.h */,
				DAD1B96A15D12F6100EA7855 /* OrderHelper.m */,
			);
			path = MobiPrint;
			sourceTree = "<group>";
		};
		DA8A367C15B59E3C003A719D /* Supporting Files */ = {
			isa = PBXGroup;
			children = (
				DA8A367D15B59E3C003A719D /* MobiPrint-Info.plist */,
				DA8A367E15B59E3C003A719D /* InfoPlist.strings */,
				DA8A368115B59E3C003A719D /* main.m */,
				DA8A368315B59E3C003A719D /* MobiPrint-Prefix.pch */,
			);
			name = "Supporting Files";
			sourceTree = "<group>";
		};
		DA8A369C15B5AFF2003A719D /* Resources */ = {
			isa = PBXGroup;
			children = (
				DA78F18915C83E20000BF03E /* printed.png */,
				DA78F18A15C83E20000BF03E /* uploaded.png */,
				DA78F18B15C83E20000BF03E /* uploading.png */,
				DA78F18715C822DD000BF03E /* test-thumbnail.jpg */,
				DA6E1C7315B5B43400438B26 /* ios-add-pictures-tab.png */,
				DA6E1C7415B5B43400438B26 /* ios-current-order-tab.png */,
				DA6E1C7515B5B43400438B26 /* ios-old-orders-tab.png */,
			);
			name = Resources;
			sourceTree = "<group>";
		};
		DAD1D6DF15C9C64800B683EC /* ASIHTTPRequest */ = {
			isa = PBXGroup;
			children = (
				DAD1D70415C9C9DA00B683EC /* ASIAuthenticationDialog.h */,
				DAD1D70115C9C9A100B683EC /* Reachability.h */,
				DAD1D6E015C9C67A00B683EC /* ASICacheDelegate.h */,
				DAD1D6E115C9C67A00B683EC /* ASIDataCompressor.h */,
				DAD1D6E315C9C67A00B683EC /* ASIDataDecompressor.h */,
				DAD1D6E515C9C67A00B683EC /* ASIDownloadCache.h */,
				DAD1D6E715C9C67A00B683EC /* ASIFormDataRequest.h */,
				DAD1D6E915C9C67A00B683EC /* ASIHTTPRequest.h */,
				DAD1D6EB15C9C67A00B683EC /* ASIHTTPRequestConfig.h */,
				DAD1D6EC15C9C67A00B683EC /* ASIHTTPRequestDelegate.h */,
				DAD1D6ED15C9C67A00B683EC /* ASIInputStream.h */,
				DAD1D6EF15C9C67A00B683EC /* ASINetworkQueue.h */,
				DAD1D6F115C9C67A00B683EC /* ASIProgressDelegate.h */,
			);
			name = ASIHTTPRequest;
			sourceTree = "<group>";
		};
		DAD2137B15BD688900AEC2BF /* Libraries */ = {
			isa = PBXGroup;
			children = (
				DA3B677A1647152900523567 /* libasihttprequest.a */,
				DAD1D6FF15C9C6FF00B683EC /* libz.dylib */,
				DAD1D6DF15C9C64800B683EC /* ASIHTTPRequest */,
				DAD2137D15BD688F00AEC2BF /* Iso8601 */,
			);
			name = Libraries;
			sourceTree = "<group>";
		};
		DAD2137D15BD688F00AEC2BF /* Iso8601 */ = {
			isa = PBXGroup;
			children = (
				DAD2137E15BD68B200AEC2BF /* ISO8601DateFormatter.h */,
				DAD2137F15BD68B200AEC2BF /* ISO8601DateFormatter.m */,
			);
			name = Iso8601;
			sourceTree = "<group>";
		};
/* End PBXGroup section */

/* Begin PBXNativeTarget section */
		DA8A366E15B59E3C003A719D /* MobiPrint */ = {
			isa = PBXNativeTarget;
			buildConfigurationList = DA8A369515B59E3D003A719D /* Build configuration list for PBXNativeTarget "MobiPrint" */;
			buildPhases = (
				DA8A366B15B59E3C003A719D /* Sources */,
				DA8A366C15B59E3C003A719D /* Frameworks */,
				DA8A366D15B59E3C003A719D /* Resources */,
			);
			buildRules = (
			);
			dependencies = (
			);
			name = MobiPrint;
			productName = MobiPrint;
			productReference = DA8A366F15B59E3C003A719D /* MobiPrint.app */;
			productType = "com.apple.product-type.application";
		};
/* End PBXNativeTarget section */

/* Begin PBXProject section */
		DA8A366615B59E3C003A719D /* Project object */ = {
			isa = PBXProject;
			attributes = {
				LastUpgradeCheck = 0430;
			};
			buildConfigurationList = DA8A366915B59E3C003A719D /* Build configuration list for PBXProject "MobiPrint" */;
			compatibilityVersion = "Xcode 3.2";
			developmentRegion = English;
			hasScannedForEncodings = 0;
			knownRegions = (
				en,
			);
			mainGroup = DA8A366415B59E3C003A719D;
			productRefGroup = DA8A367015B59E3C003A719D /* Products */;
			projectDirPath = "";
			projectRoot = "";
			targets = (
				DA8A366E15B59E3C003A719D /* MobiPrint */,
			);
		};
/* End PBXProject section */

/* Begin PBXResourcesBuildPhase section */
		DA8A366D15B59E3C003A719D /* Resources */ = {
			isa = PBXResourcesBuildPhase;
			buildActionMask = 2147483647;
			files = (
				DA8A368015B59E3C003A719D /* InfoPlist.strings in Resources */,
				DA8A368915B59E3C003A719D /* MainStoryboard.storyboard in Resources */,
				DA8A369915B59E8F003A719D /* icon-57x57.png in Resources */,
				DA8A369B15B59EA3003A719D /* icon-114x114.png in Resources */,
				DA6E1C7615B5B43400438B26 /* ios-add-pictures-tab.png in Resources */,
				DA6E1C7715B5B43400438B26 /* ios-current-order-tab.png in Resources */,
				DA6E1C7815B5B43400438B26 /* ios-old-orders-tab.png in Resources */,
				DA9F1CD115BD7A40003CA8AD /* Localizable.strings in Resources */,
				DA78F18815C822DD000BF03E /* test-thumbnail.jpg in Resources */,
				DA78F18C15C83E20000BF03E /* printed.png in Resources */,
				DA78F18D15C83E20000BF03E /* uploaded.png in Resources */,
				DA78F18E15C83E20000BF03E /* uploading.png in Resources */,
			);
			runOnlyForDeploymentPostprocessing = 0;
		};
/* End PBXResourcesBuildPhase section */

/* Begin PBXSourcesBuildPhase section */
		DA8A366B15B59E3C003A719D /* Sources */ = {
			isa = PBXSourcesBuildPhase;
			buildActionMask = 2147483647;
			files = (
				DA8A368215B59E3C003A719D /* main.m in Sources */,
				DA8A368615B59E3C003A719D /* AppDelegate.m in Sources */,
				DA8A368F15B59E3D003A719D /* OldOrdersViewController.m in Sources */,
				DAD2138715BD68B200AEC2BF /* ISO8601DateFormatter.m in Sources */,
				DAB07F1615C2E1A40036D837 /* MobiPrint.xcdatamodeld in Sources */,
				DAD55B7E15C6F4F300DDBE50 /* OrderDetailViewController.m in Sources */,
				DA78F18515C82022000BF03E /* NSString+CountString.m in Sources */,
				DA78F19115C848D9000BF03E /* ThumbnailDownloadHandler.m in Sources */,
				DACDE80A15C884550014056E /* PictureUploadHandler.m in Sources */,
				DAD1D6DE15C990D400B683EC /* AddPicturesViewController.m in Sources */,
				DA99288B15CE787700EEAC9B /* CurrentOrderDetailViewController.m in Sources */,
				DA9C5C0315CEF154002BF8FC /* SubmitOrderViewController.m in Sources */,
				DA95B54F15D008FB0012B5D1 /* StoresDownloadHandler.m in Sources */,
				DAD1B96B15D12F6200EA7855 /* OrderHelper.m in Sources */,
			);
			runOnlyForDeploymentPostprocessing = 0;
		};
/* End PBXSourcesBuildPhase section */

/* Begin PBXVariantGroup section */
		DA8A367E15B59E3C003A719D /* InfoPlist.strings */ = {
			isa = PBXVariantGroup;
			children = (
				DA8A367F15B59E3C003A719D /* en */,
			);
			name = InfoPlist.strings;
			sourceTree = "<group>";
		};
		DA8A368715B59E3C003A719D /* MainStoryboard.storyboard */ = {
			isa = PBXVariantGroup;
			children = (
				DA8A368815B59E3C003A719D /* en */,
			);
			name = MainStoryboard.storyboard;
			sourceTree = "<group>";
		};
		DA9F1CD315BD7A40003CA8AD /* Localizable.strings */ = {
			isa = PBXVariantGroup;
			children = (
				DA9F1CD215BD7A40003CA8AD /* en */,
			);
			name = Localizable.strings;
			sourceTree = "<group>";
		};
/* End PBXVariantGroup section */

/* Begin XCBuildConfiguration section */
		DA8A369315B59E3D003A719D /* Debug */ = {
			isa = XCBuildConfiguration;
			buildSettings = {
				ALWAYS_SEARCH_USER_PATHS = NO;
				ARCHS = "$(ARCHS_STANDARD_32_BIT)";
				CLANG_ENABLE_OBJC_ARC = YES;
				COPY_PHASE_STRIP = NO;
				GCC_C_LANGUAGE_STANDARD = gnu99;
				GCC_DYNAMIC_NO_PIC = NO;
				GCC_OPTIMIZATION_LEVEL = 0;
				GCC_PREPROCESSOR_DEFINITIONS = (
					"DEBUG=1",
					"$(inherited)",
				);
				GCC_SYMBOLS_PRIVATE_EXTERN = NO;
				GCC_VERSION = com.apple.compilers.llvm.clang.1_0;
				GCC_WARN_ABOUT_RETURN_TYPE = YES;
				GCC_WARN_UNINITIALIZED_AUTOS = YES;
				GCC_WARN_UNUSED_VARIABLE = YES;
				IPHONEOS_DEPLOYMENT_TARGET = 5.1;
				SDKROOT = iphoneos;
			};
			name = Debug;
		};
		DA8A369415B59E3D003A719D /* Release */ = {
			isa = XCBuildConfiguration;
			buildSettings = {
				ALWAYS_SEARCH_USER_PATHS = NO;
				ARCHS = "$(ARCHS_STANDARD_32_BIT)";
				CLANG_ENABLE_OBJC_ARC = YES;
				"CODE_SIGN_IDENTITY[sdk=iphoneos*]" = "iPhone Developer";
				COPY_PHASE_STRIP = YES;
				GCC_C_LANGUAGE_STANDARD = gnu99;
				GCC_VERSION = com.apple.compilers.llvm.clang.1_0;
				GCC_WARN_ABOUT_RETURN_TYPE = YES;
				GCC_WARN_UNINITIALIZED_AUTOS = YES;
				GCC_WARN_UNUSED_VARIABLE = YES;
				IPHONEOS_DEPLOYMENT_TARGET = 5.1;
				OTHER_CFLAGS = "-DNS_BLOCK_ASSERTIONS=1";
				SDKROOT = iphoneos;
				VALIDATE_PRODUCT = YES;
			};
			name = Release;
		};
		DA8A369615B59E3D003A719D /* Debug */ = {
			isa = XCBuildConfiguration;
			buildSettings = {
				ARCHS = (
					i386,
					armv7s,
					armv7,
					armv6,
				);
				FRAMEWORK_SEARCH_PATHS = (
					"$(inherited)",
					"\"$(SRCROOT)\"",
				);
				GCC_PRECOMPILE_PREFIX_HEADER = YES;
				GCC_PREFIX_HEADER = "MobiPrint/MobiPrint-Prefix.pch";
				INFOPLIST_FILE = "MobiPrint/MobiPrint-Info.plist";
				LIBRARY_SEARCH_PATHS = (
					"$(inherited)",
					"\"$(SRCROOT)/MobiPrint\"",
				);
				OTHER_LDFLAGS = (
					"-all_load",
					"-ObjC",
				);
				PRODUCT_NAME = "$(TARGET_NAME)";
				VALID_ARCHS = "armv7 armv7s i386 armv6";
				WRAPPER_EXTENSION = app;
			};
			name = Debug;
		};
		DA8A369715B59E3D003A719D /* Release */ = {
			isa = XCBuildConfiguration;
			buildSettings = {
				ARCHS = (
					i386,
					armv7s,
					armv7,
					armv6,
				);
				"CODE_SIGN_IDENTITY[sdk=iphoneos*]" = "";
				FRAMEWORK_SEARCH_PATHS = (
					"$(inherited)",
					"\"$(SRCROOT)\"",
				);
				GCC_PRECOMPILE_PREFIX_HEADER = YES;
				GCC_PREFIX_HEADER = "MobiPrint/MobiPrint-Prefix.pch";
				INFOPLIST_FILE = "MobiPrint/MobiPrint-Info.plist";
				LIBRARY_SEARCH_PATHS = (
					"$(inherited)",
					"\"$(SRCROOT)/MobiPrint\"",
				);
				OTHER_LDFLAGS = (
					"-all_load",
					"-ObjC",
				);
				PRODUCT_NAME = "$(TARGET_NAME)";
				VALID_ARCHS = "armv7 armv7s i386 armv6";
				WRAPPER_EXTENSION = app;
			};
			name = Release;
		};
/* End XCBuildConfiguration section */

/* Begin XCConfigurationList section */
		DA8A366915B59E3C003A719D /* Build configuration list for PBXProject "MobiPrint" */ = {
			isa = XCConfigurationList;
			buildConfigurations = (
				DA8A369315B59E3D003A719D /* Debug */,
				DA8A369415B59E3D003A719D /* Release */,
			);
			defaultConfigurationIsVisible = 0;
			defaultConfigurationName = Release;
		};
		DA8A369515B59E3D003A719D /* Build configuration list for PBXNativeTarget "MobiPrint" */ = {
			isa = XCConfigurationList;
			buildConfigurations = (
				DA8A369615B59E3D003A719D /* Debug */,
				DA8A369715B59E3D003A719D /* Release */,
			);
			defaultConfigurationIsVisible = 0;
			defaultConfigurationName = Release;
		};
/* End XCConfigurationList section */

/* Begin XCVersionGroup section */
		DAB07F1415C2E1A40036D837 /* MobiPrint.xcdatamodeld */ = {
			isa = XCVersionGroup;
			children = (
				DAB07F1515C2E1A40036D837 /* MobiPrint.xcdatamodel */,
			);
			currentVersion = DAB07F1515C2E1A40036D837 /* MobiPrint.xcdatamodel */;
			path = MobiPrint.xcdatamodeld;
			sourceTree = "<group>";
			versionGroupType = wrapper.xcdatamodel;
		};
/* End XCVersionGroup section */
	};
	rootObject = DA8A366615B59E3C003A719D /* Project object */;
}
